
Microsoft Visual Studio Solution File, Format Version 12.00
# Visual Studio 15
VisualStudioVersion = 15.0.26228.4
MinimumVisualStudioVersion = 10.0.40219.1
Project("{FAE04EC0-301F-11D3-BF4B-00C04F79EFBC}") = "OdeToFood", "OdeToFood\OdeToFood.csproj", "{69CEFAAE-F65F-4425-B948-40457F46F510}"
EndProject
Project("{FAE04EC0-301F-11D3-BF4B-00C04F79EFBC}") = "OdeToFood.Tests", "OdeToFood.Tests\OdeToFood.Tests.csproj", "{D6FCE4B2-6114-4693-9807-1AD126124C8A}"
EndProject
Global
	GlobalSection(SolutionConfigurationPlatforms) = preSolution
		Debug|Any CPU = Debug|Any CPU
		Release|Any CPU = Release|Any CPU
	EndGlobalSection
	GlobalSection(ProjectConfigurationPlatforms) = postSolution
		{69CEFAAE-F65F-4425-B948-40457F46F510}.Debug|Any CPU.ActiveCfg = Debug|Any CPU
		{69CEFAAE-F65F-4425-B948-40457F46F510}.Debug|Any CPU.Build.0 = Debug|Any CPU
		{69CEFAAE-F65F-4425-B948-40457F46F510}.Release|Any CPU.ActiveCfg = Release|Any CPU
		{69CEFAAE-F65F-4425-B948-40457F46F510}.Release|Any CPU.Build.0 = Release|Any CPU
		{D6FCE4B2-6114-4693-9807-1AD126124C8A}.Debug|Any CPU.ActiveCfg = Debug|Any CPU
		{D6FCE4B2-6114-4693-9807-1AD126124C8A}.Debug|Any CPU.Build.0 = Debug|Any CPU
		{D6FCE4B2-6114-4693-9807-1AD126124C8A}.Release|Any CPU.ActiveCfg = Release|Any CPU
		{D6FCE4B2-6114-4693-9807-1AD126124C8A}.Release|Any CPU.Build.0 = Release|Any CPU
	EndGlobalSection
	GlobalSection(SolutionProperties) = preSolution
		HideSolutionNode = FALSE
	EndGlobalSection
EndGlobal
